
Microsoft Visual Studio Solution File, Format Version 12.00
# Visual Studio Version 16
VisualStudioVersion = 25.0.1706.6
MinimumVisualStudioVersion = 10.0.40219.1
Project("{FAE04EC0-301F-11D3-BF4B-00C04F79EFBC}") = "WaterMarkAppUI", "WaterMarkAppUI\WaterMarkAppUI.csproj", "{D46AFCCC-F5A0-443C-BC30-CC18B42C9E6D}"
EndProject
Global
	GlobalSection(SolutionConfigurationPlatforms) = preSolution
		Debug|Any CPU = Debug|Any CPU
		Release|Any CPU = Release|Any CPU
	EndGlobalSection
	GlobalSection(ProjectConfigurationPlatforms) = postSolution
		{D46AFCCC-F5A0-443C-BC30-CC18B42C9E6D}.Debug|Any CPU.ActiveCfg = Debug|Any CPU
		{D46AFCCC-F5A0-443C-BC30-CC18B42C9E6D}.Debug|Any CPU.Build.0 = Debug|Any CPU
		{D46AFCCC-F5A0-443C-BC30-CC18B42C9E6D}.Release|Any CPU.ActiveCfg = Release|Any CPU
		{D46AFCCC-F5A0-443C-BC30-CC18B42C9E6D}.Release|Any CPU.Build.0 = Release|Any CPU
	EndGlobalSection
	GlobalSection(SolutionProperties) = preSolution
		HideSolutionNode = FALSE
	EndGlobalSection
	GlobalSection(ExtensibilityGlobals) = postSolution
		SolutionGuid = {48D0BD56-7450-4C38-B936-AC16ADC71080}
	EndGlobalSection
EndGlobal
